<?xml version="1.0" encoding="UTF-8"?>
<CodeBlocks_project_file>
	<FileVersion major="1" minor="6"/>
	<Project>
		<Option title="ueb05Naji"/>
		<Option makefile_is_custom="1"/>
		<Option compiler="gcc"/>
		<Option virtualFolders="CMake Files\;"/>
		<Build>
			<Target title="all">
				<Option working_dir="/Users/najimajaadari/Desktop/ueb05Naji"/>
				<Option type="4"/>
				<MakeCommands>
					<Build command="/usr/bin/make -j8 -f &quot;/Users/najimajaadari/Desktop/ueb05Naji/Makefile&quot;  VERBOSE=1 all"/>
					<CompileFile command="/usr/bin/make -j8 -f &quot;/Users/najimajaadari/Desktop/ueb05Naji/Makefile&quot;  VERBOSE=1 &quot;$file&quot;"/>
					<Clean command="/usr/bin/make -j8 -f &quot;/Users/najimajaadari/Desktop/ueb05Naji/Makefile&quot;  VERBOSE=1 clean"/>
					<DistClean command="/usr/bin/make -j8 -f &quot;/Users/najimajaadari/Desktop/ueb05Naji/Makefile&quot;  VERBOSE=1 clean"/>
				</MakeCommands>
			</Target>
			<Target title="rebuild_cache">
				<Option working_dir="/Users/najimajaadari/Desktop/ueb05Naji"/>
				<Option type="4"/>
				<MakeCommands>
					<Build command="/usr/bin/make -j8 -f &quot;/Users/najimajaadari/Desktop/ueb05Naji/Makefile&quot;  VERBOSE=1 rebuild_cache"/>
					<CompileFile command="/usr/bin/make -j8 -f &quot;/Users/najimajaadari/Desktop/ueb05Naji/Makefile&quot;  VERBOSE=1 &quot;$file&quot;"/>
					<Clean command="/usr/bin/make -j8 -f &quot;/Users/najimajaadari/Desktop/ueb05Naji/Makefile&quot;  VERBOSE=1 clean"/>
					<DistClean command="/usr/bin/make -j8 -f &quot;/Users/najimajaadari/Desktop/ueb05Naji/Makefile&quot;  VERBOSE=1 clean"/>
				</MakeCommands>
			</Target>
			<Target title="edit_cache">
				<Option working_dir="/Users/najimajaadari/Desktop/ueb05Naji"/>
				<Option type="4"/>
				<MakeCommands>
					<Build command="/usr/bin/make -j8 -f &quot;/Users/najimajaadari/Desktop/ueb05Naji/Makefile&quot;  VERBOSE=1 edit_cache"/>
					<CompileFile command="/usr/bin/make -j8 -f &quot;/Users/najimajaadari/Desktop/ueb05Naji/Makefile&quot;  VERBOSE=1 &quot;$file&quot;"/>
					<Clean command="/usr/bin/make -j8 -f &quot;/Users/najimajaadari/Desktop/ueb05Naji/Makefile&quot;  VERBOSE=1 clean"/>
					<DistClean command="/usr/bin/make -j8 -f &quot;/Users/najimajaadari/Desktop/ueb05Naji/Makefile&quot;  VERBOSE=1 clean"/>
				</MakeCommands>
			</Target>
			<Target title="ueb05Naji">
				<Option output="/Users/najimajaadari/Desktop/ueb05Naji/ueb05Naji" prefix_auto="0" extension_auto="0"/>
				<Option working_dir="/Users/najimajaadari/Desktop/ueb05Naji"/>
				<Option object_output="./"/>
				<Option type="1"/>
				<Option compiler="gcc"/>
				<Compiler>
					<Add directory="/Users/najimajaadari/Desktop/ueb05Naji/header"/>
					<Add directory="/Users/najimajaadari/Desktop/ueb05Naji/src"/>
					<Add directory="/Library/Developer/CommandLineTools/usr/include/c++/v1"/>
					<Add directory="/usr/local/include"/>
					<Add directory="/Library/Developer/CommandLineTools/usr/lib/clang/9.0.0/include"/>
					<Add directory="/Library/Developer/CommandLineTools/usr/include"/>
					<Add directory="/usr/include"/>
					<Add directory="/System/Library/Frameworks"/>
					<Add directory="/Library/Frameworks"/>
				</Compiler>
				<MakeCommands>
					<Build command="/usr/bin/make -j8 -f &quot;/Users/najimajaadari/Desktop/ueb05Naji/Makefile&quot;  VERBOSE=1 ueb05Naji"/>
					<CompileFile command="/usr/bin/make -j8 -f &quot;/Users/najimajaadari/Desktop/ueb05Naji/Makefile&quot;  VERBOSE=1 &quot;$file&quot;"/>
					<Clean command="/usr/bin/make -j8 -f &quot;/Users/najimajaadari/Desktop/ueb05Naji/Makefile&quot;  VERBOSE=1 clean"/>
					<DistClean command="/usr/bin/make -j8 -f &quot;/Users/najimajaadari/Desktop/ueb05Naji/Makefile&quot;  VERBOSE=1 clean"/>
				</MakeCommands>
			</Target>
			<Target title="ueb05Naji/fast">
				<Option output="/Users/najimajaadari/Desktop/ueb05Naji/ueb05Naji" prefix_auto="0" extension_auto="0"/>
				<Option working_dir="/Users/najimajaadari/Desktop/ueb05Naji"/>
				<Option object_output="./"/>
				<Option type="1"/>
				<Option compiler="gcc"/>
				<Compiler>
					<Add directory="/Users/najimajaadari/Desktop/ueb05Naji/header"/>
					<Add directory="/Users/najimajaadari/Desktop/ueb05Naji/src"/>
					<Add directory="/Library/Developer/CommandLineTools/usr/include/c++/v1"/>
					<Add directory="/usr/local/include"/>
					<Add directory="/Library/Developer/CommandLineTools/usr/lib/clang/9.0.0/include"/>
					<Add directory="/Library/Developer/CommandLineTools/usr/include"/>
					<Add directory="/usr/include"/>
					<Add directory="/System/Library/Frameworks"/>
					<Add directory="/Library/Frameworks"/>
				</Compiler>
				<MakeCommands>
					<Build command="/usr/bin/make -j8 -f &quot;/Users/najimajaadari/Desktop/ueb05Naji/Makefile&quot;  VERBOSE=1 ueb05Naji/fast"/>
					<CompileFile command="/usr/bin/make -j8 -f &quot;/Users/najimajaadari/Desktop/ueb05Naji/Makefile&quot;  VERBOSE=1 &quot;$file&quot;"/>
					<Clean command="/usr/bin/make -j8 -f &quot;/Users/najimajaadari/Desktop/ueb05Naji/Makefile&quot;  VERBOSE=1 clean"/>
					<DistClean command="/usr/bin/make -j8 -f &quot;/Users/najimajaadari/Desktop/ueb05Naji/Makefile&quot;  VERBOSE=1 clean"/>
				</MakeCommands>
			</Target>
		</Build>
		<Unit filename="/Users/najimajaadari/Desktop/ueb05Naji/header/database.h">
			<Option target="ueb05Naji"/>
		</Unit>
		<Unit filename="/Users/najimajaadari/Desktop/ueb05Naji/header/datastructure.h">
			<Option target="ueb05Naji"/>
		</Unit>
		<Unit filename="/Users/najimajaadari/Desktop/ueb05Naji/header/datetime.h">
			<Option target="ueb05Naji"/>
		</Unit>
		<Unit filename="/Users/najimajaadari/Desktop/ueb05Naji/header/list.h">
			<Option target="ueb05Naji"/>
		</Unit>
		<Unit filename="/Users/najimajaadari/Desktop/ueb05Naji/header/menu.h">
			<Option target="ueb05Naji"/>
		</Unit>
		<Unit filename="/Users/najimajaadari/Desktop/ueb05Naji/header/sort.h">
			<Option target="ueb05Naji"/>
		</Unit>
		<Unit filename="/Users/najimajaadari/Desktop/ueb05Naji/header/teams.h">
			<Option target="ueb05Naji"/>
		</Unit>
		<Unit filename="/Users/najimajaadari/Desktop/ueb05Naji/header/tools.h">
			<Option target="ueb05Naji"/>
		</Unit>
		<Unit filename="/Users/najimajaadari/Desktop/ueb05Naji/src/database.c">
			<Option target="ueb05Naji"/>
		</Unit>
		<Unit filename="/Users/najimajaadari/Desktop/ueb05Naji/src/datetime.c">
			<Option target="ueb05Naji"/>
		</Unit>
		<Unit filename="/Users/najimajaadari/Desktop/ueb05Naji/src/list.c">
			<Option target="ueb05Naji"/>
		</Unit>
		<Unit filename="/Users/najimajaadari/Desktop/ueb05Naji/src/little_teams.xml">
			<Option target="ueb05Naji"/>
		</Unit>
		<Unit filename="/Users/najimajaadari/Desktop/ueb05Naji/src/main.c">
			<Option target="ueb05Naji"/>
		</Unit>
		<Unit filename="/Users/najimajaadari/Desktop/ueb05Naji/src/menu.c">
			<Option target="ueb05Naji"/>
		</Unit>
		<Unit filename="/Users/najimajaadari/Desktop/ueb05Naji/src/sort.c">
			<Option target="ueb05Naji"/>
		</Unit>
		<Unit filename="/Users/najimajaadari/Desktop/ueb05Naji/src/teams.c">
			<Option target="ueb05Naji"/>
		</Unit>
		<Unit filename="/Users/najimajaadari/Desktop/ueb05Naji/src/tools.c">
			<Option target="ueb05Naji"/>
		</Unit>
		<Unit filename="/Users/najimajaadari/Desktop/ueb05Naji/src/xml/teams.xml">
			<Option target="ueb05Naji"/>
		</Unit>
		<Unit filename="/Users/najimajaadari/Desktop/ueb05Naji/CMakeLists.txt">
			<Option virtualFolder="CMake Files\"/>
		</Unit>
	</Project>
</CodeBlocks_project_file>
